
Microsoft Visual Studio Solution File, Format Version 12.00
# Visual Studio 15
VisualStudioVersion = 15.0.27130.2010
MinimumVisualStudioVersion = 10.0.40219.1
Project("{FAE04EC0-301F-11D3-BF4B-00C04F79EFBC}") = "PO2Sovellus", "PO2Sovellus\PO2Sovellus.csproj", "{5526FAD3-1D01-4761-B09C-C80154CCDDF0}"
EndProject
Global
	GlobalSection(SolutionConfigurationPlatforms) = preSolution
		Debug|Any CPU = Debug|Any CPU
		Release|Any CPU = Release|Any CPU
	EndGlobalSection
	GlobalSection(ProjectConfigurationPlatforms) = postSolution
		{5526FAD3-1D01-4761-B09C-C80154CCDDF0}.Debug|Any CPU.ActiveCfg = Debug|Any CPU
		{5526FAD3-1D01-4761-B09C-C80154CCDDF0}.Debug|Any CPU.Build.0 = Debug|Any CPU
		{5526FAD3-1D01-4761-B09C-C80154CCDDF0}.Release|Any CPU.ActiveCfg = Release|Any CPU
		{5526FAD3-1D01-4761-B09C-C80154CCDDF0}.Release|Any CPU.Build.0 = Release|Any CPU
	EndGlobalSection
	GlobalSection(SolutionProperties) = preSolution
		HideSolutionNode = FALSE
	EndGlobalSection
	GlobalSection(ExtensibilityGlobals) = postSolution
		SolutionGuid = {F81BB13B-710D-4D4A-954F-32C00F389C15}
	EndGlobalSection
EndGlobal
